
Microsoft Visual Studio Solution File, Format Version 12.00
# Visual Studio 15
Project("{FAE04EC0-301F-11D3-BF4B-00C04F79EFBC}") = "AstarPathfindingProject", "AstarPathfindingProject.csproj", "{C8E4B86D-1220-7632-443D-E0813D462E5D}"
EndProject
Project("{FAE04EC0-301F-11D3-BF4B-00C04F79EFBC}") = "Assembly-CSharp", "Assembly-CSharp.csproj", "{7ED7E717-7A7C-5D3E-A64B-369AF9121106}"
EndProject
Project("{FAE04EC0-301F-11D3-BF4B-00C04F79EFBC}") = "AstarPathfindingProjectEditor", "AstarPathfindingProjectEditor.csproj", "{83EA6999-F6BC-5DD9-E7DF-20401E68DB0F}"
EndProject
Project("{FAE04EC0-301F-11D3-BF4B-00C04F79EFBC}") = "PackageToolsEditor", "PackageToolsEditor.csproj", "{49382C69-3A08-3607-7E06-654A820038D4}"
EndProject
Global
	GlobalSection(SolutionConfigurationPlatforms) = preSolution
		Debug|Any CPU = Debug|Any CPU
		Release|Any CPU = Release|Any CPU
	EndGlobalSection
	GlobalSection(ProjectConfigurationPlatforms) = postSolution
		{C8E4B86D-1220-7632-443D-E0813D462E5D}.Debug|Any CPU.ActiveCfg = Debug|Any CPU
		{C8E4B86D-1220-7632-443D-E0813D462E5D}.Debug|Any CPU.Build.0 = Debug|Any CPU
		{C8E4B86D-1220-7632-443D-E0813D462E5D}.Release|Any CPU.ActiveCfg = Release|Any CPU
		{C8E4B86D-1220-7632-443D-E0813D462E5D}.Release|Any CPU.Build.0 = Release|Any CPU
		{7ED7E717-7A7C-5D3E-A64B-369AF9121106}.Debug|Any CPU.ActiveCfg = Debug|Any CPU
		{7ED7E717-7A7C-5D3E-A64B-369AF9121106}.Debug|Any CPU.Build.0 = Debug|Any CPU
		{7ED7E717-7A7C-5D3E-A64B-369AF9121106}.Release|Any CPU.ActiveCfg = Release|Any CPU
		{7ED7E717-7A7C-5D3E-A64B-369AF9121106}.Release|Any CPU.Build.0 = Release|Any CPU
		{83EA6999-F6BC-5DD9-E7DF-20401E68DB0F}.Debug|Any CPU.ActiveCfg = Debug|Any CPU
		{83EA6999-F6BC-5DD9-E7DF-20401E68DB0F}.Debug|Any CPU.Build.0 = Debug|Any CPU
		{83EA6999-F6BC-5DD9-E7DF-20401E68DB0F}.Release|Any CPU.ActiveCfg = Release|Any CPU
		{83EA6999-F6BC-5DD9-E7DF-20401E68DB0F}.Release|Any CPU.Build.0 = Release|Any CPU
		{49382C69-3A08-3607-7E06-654A820038D4}.Debug|Any CPU.ActiveCfg = Debug|Any CPU
		{49382C69-3A08-3607-7E06-654A820038D4}.Debug|Any CPU.Build.0 = Debug|Any CPU
		{49382C69-3A08-3607-7E06-654A820038D4}.Release|Any CPU.ActiveCfg = Release|Any CPU
		{49382C69-3A08-3607-7E06-654A820038D4}.Release|Any CPU.Build.0 = Release|Any CPU
	EndGlobalSection
	GlobalSection(SolutionProperties) = preSolution
		HideSolutionNode = FALSE
	EndGlobalSection
EndGlobal
